
Microsoft Visual Studio Solution File, Format Version 12.00
# Visual Studio Version 16
VisualStudioVersion = 16.0.29911.84
MinimumVisualStudioVersion = 10.0.40219.1
Project("{FAE04EC0-301F-11D3-BF4B-00C04F79EFBC}") = "InterfaceDemo", "InterfaceDemo\InterfaceDemo.csproj", "{019F4293-FA67-459B-89E6-855121FE93B5}"
EndProject
Global
	GlobalSection(SolutionConfigurationPlatforms) = preSolution
		Debug|Any CPU = Debug|Any CPU
		Release|Any CPU = Release|Any CPU
	EndGlobalSection
	GlobalSection(ProjectConfigurationPlatforms) = postSolution
		{019F4293-FA67-459B-89E6-855121FE93B5}.Debug|Any CPU.ActiveCfg = Debug|Any CPU
		{019F4293-FA67-459B-89E6-855121FE93B5}.Debug|Any CPU.Build.0 = Debug|Any CPU
		{019F4293-FA67-459B-89E6-855121FE93B5}.Release|Any CPU.ActiveCfg = Release|Any CPU
		{019F4293-FA67-459B-89E6-855121FE93B5}.Release|Any CPU.Build.0 = Release|Any CPU
	EndGlobalSection
	GlobalSection(SolutionProperties) = preSolution
		HideSolutionNode = FALSE
	EndGlobalSection
	GlobalSection(ExtensibilityGlobals) = postSolution
		SolutionGuid = {5764049C-6CD5-4D6C-96D1-3786CFB26876}
	EndGlobalSection
EndGlobal
